
Microsoft Visual Studio Solution File, Format Version 12.00
# Visual Studio Version 16
VisualStudioVersion = 16.0.31613.86
MinimumVisualStudioVersion = 10.0.40219.1
Project("{FAE04EC0-301F-11D3-BF4B-00C04F79EFBC}") = "AppraisalHistory", "AppraisalHistory.csproj", "{7EA4B5A0-5911-4E7A-96F1-0F7E2A0661B4}"
EndProject
Project("{9A19103F-16F7-4668-BE54-9A1E7A4F7556}") = "AppraisalFunction", "..\AppraisalFunction\AppraisalFunction.csproj", "{7B703D8F-8855-4FE4-B975-FA512658AFC4}"
EndProject
Global
	GlobalSection(SolutionConfigurationPlatforms) = preSolution
		Debug|Any CPU = Debug|Any CPU
		Release|Any CPU = Release|Any CPU
	EndGlobalSection
	GlobalSection(ProjectConfigurationPlatforms) = postSolution
		{7EA4B5A0-5911-4E7A-96F1-0F7E2A0661B4}.Debug|Any CPU.ActiveCfg = Debug|Any CPU
		{7EA4B5A0-5911-4E7A-96F1-0F7E2A0661B4}.Debug|Any CPU.Build.0 = Debug|Any CPU
		{7EA4B5A0-5911-4E7A-96F1-0F7E2A0661B4}.Release|Any CPU.ActiveCfg = Release|Any CPU
		{7EA4B5A0-5911-4E7A-96F1-0F7E2A0661B4}.Release|Any CPU.Build.0 = Release|Any CPU
		{7B703D8F-8855-4FE4-B975-FA512658AFC4}.Debug|Any CPU.ActiveCfg = Debug|Any CPU
		{7B703D8F-8855-4FE4-B975-FA512658AFC4}.Debug|Any CPU.Build.0 = Debug|Any CPU
		{7B703D8F-8855-4FE4-B975-FA512658AFC4}.Release|Any CPU.ActiveCfg = Release|Any CPU
		{7B703D8F-8855-4FE4-B975-FA512658AFC4}.Release|Any CPU.Build.0 = Release|Any CPU
	EndGlobalSection
	GlobalSection(SolutionProperties) = preSolution
		HideSolutionNode = FALSE
	EndGlobalSection
	GlobalSection(ExtensibilityGlobals) = postSolution
		SolutionGuid = {D6719002-5D64-454C-9E39-F5991774F43D}
	EndGlobalSection
EndGlobal
