
Microsoft Visual Studio Solution File, Format Version 12.00
# Visual Studio Version 16
VisualStudioVersion = 16.0.31613.86
MinimumVisualStudioVersion = 10.0.40219.1
Project("{FAE04EC0-301F-11D3-BF4B-00C04F79EFBC}") = "AppraisalFunction", "AppraisalFunction.csproj", "{AC485FB0-2A53-40DA-BB69-7297B8109942}"
EndProject
Global
	GlobalSection(SolutionConfigurationPlatforms) = preSolution
		Debug|Any CPU = Debug|Any CPU
		Release|Any CPU = Release|Any CPU
	EndGlobalSection
	GlobalSection(ProjectConfigurationPlatforms) = postSolution
		{AC485FB0-2A53-40DA-BB69-7297B8109942}.Debug|Any CPU.ActiveCfg = Debug|Any CPU
		{AC485FB0-2A53-40DA-BB69-7297B8109942}.Debug|Any CPU.Build.0 = Debug|Any CPU
		{AC485FB0-2A53-40DA-BB69-7297B8109942}.Release|Any CPU.ActiveCfg = Release|Any CPU
		{AC485FB0-2A53-40DA-BB69-7297B8109942}.Release|Any CPU.Build.0 = Release|Any CPU
	EndGlobalSection
	GlobalSection(SolutionProperties) = preSolution
		HideSolutionNode = FALSE
	EndGlobalSection
	GlobalSection(ExtensibilityGlobals) = postSolution
		SolutionGuid = {D33E9532-5661-43A4-90E0-762551D51C38}
	EndGlobalSection
EndGlobal
